
Microsoft Visual Studio Solution File, Format Version 12.00
# Visual Studio Version 17
VisualStudioVersion = 17.8.34525.116
MinimumVisualStudioVersion = 10.0.40219.1
Project("{FAE04EC0-301F-11D3-BF4B-00C04F79EFBC}") = "Projeto01", "Projeto01\Projeto01.csproj", "{C208D2CA-1797-4B9E-BB73-BAF9AF92A996}"
EndProject
Global
	GlobalSection(SolutionConfigurationPlatforms) = preSolution
		Debug|Any CPU = Debug|Any CPU
		Release|Any CPU = Release|Any CPU
	EndGlobalSection
	GlobalSection(ProjectConfigurationPlatforms) = postSolution
		{C208D2CA-1797-4B9E-BB73-BAF9AF92A996}.Debug|Any CPU.ActiveCfg = Debug|Any CPU
		{C208D2CA-1797-4B9E-BB73-BAF9AF92A996}.Debug|Any CPU.Build.0 = Debug|Any CPU
		{C208D2CA-1797-4B9E-BB73-BAF9AF92A996}.Release|Any CPU.ActiveCfg = Release|Any CPU
		{C208D2CA-1797-4B9E-BB73-BAF9AF92A996}.Release|Any CPU.Build.0 = Release|Any CPU
	EndGlobalSection
	GlobalSection(SolutionProperties) = preSolution
		HideSolutionNode = FALSE
	EndGlobalSection
	GlobalSection(ExtensibilityGlobals) = postSolution
		SolutionGuid = {08920E3B-50DC-495A-835A-B9777B35E005}
	EndGlobalSection
EndGlobal
